
Microsoft Visual Studio Solution File, Format Version 12.00
# Visual Studio Version 17
VisualStudioVersion = 17.14.37012.4 d17.14
MinimumVisualStudioVersion = 10.0.40219.1
Project("{FAE04EC0-301F-11D3-BF4B-00C04F79EFBC}") = "1.4", "1.4.csproj", "{085A1AC0-9953-4CAD-86F5-7B283561AEC7}"
EndProject
Global
	GlobalSection(SolutionConfigurationPlatforms) = preSolution
		Debug|Any CPU = Debug|Any CPU
		Release|Any CPU = Release|Any CPU
	EndGlobalSection
	GlobalSection(ProjectConfigurationPlatforms) = postSolution
		{085A1AC0-9953-4CAD-86F5-7B283561AEC7}.Debug|Any CPU.ActiveCfg = Debug|Any CPU
		{085A1AC0-9953-4CAD-86F5-7B283561AEC7}.Debug|Any CPU.Build.0 = Debug|Any CPU
		{085A1AC0-9953-4CAD-86F5-7B283561AEC7}.Release|Any CPU.ActiveCfg = Release|Any CPU
		{085A1AC0-9953-4CAD-86F5-7B283561AEC7}.Release|Any CPU.Build.0 = Release|Any CPU
	EndGlobalSection
	GlobalSection(SolutionProperties) = preSolution
		HideSolutionNode = FALSE
	EndGlobalSection
	GlobalSection(ExtensibilityGlobals) = postSolution
		SolutionGuid = {88E0F79B-88CB-46D1-B1B6-B4968076BFE9}
	EndGlobalSection
EndGlobal
