
Microsoft Visual Studio Solution File, Format Version 12.00
# Visual Studio Version 17
VisualStudioVersion = 17.12.35527.113
MinimumVisualStudioVersion = 10.0.40219.1
Project("{FAE04EC0-301F-11D3-BF4B-00C04F79EFBC}") = "BaiHocDauTien", "BaiHocDauTien\BaiHocDauTien.csproj", "{A150A8E4-143D-4839-8201-67AEC2449786}"
EndProject
Project("{FAE04EC0-301F-11D3-BF4B-00C04F79EFBC}") = "test", "test\test.csproj", "{B6917031-4B4F-4142-8260-9BCBC09660D1}"
EndProject
Project("{FAE04EC0-301F-11D3-BF4B-00C04F79EFBC}") = "NguyenKyKhoi", "..\..\NoiChuaBaiTapLamTrenLop\NguyenKyKhoi\NguyenKyKhoi.csproj", "{19AD0801-3B06-4B9E-A699-B15EF0A69DBA}"
EndProject
Global
	GlobalSection(SolutionConfigurationPlatforms) = preSolution
		Debug|Any CPU = Debug|Any CPU
		Debug|x64 = Debug|x64
		Debug|x86 = Debug|x86
		Release|Any CPU = Release|Any CPU
		Release|x64 = Release|x64
		Release|x86 = Release|x86
	EndGlobalSection
	GlobalSection(ProjectConfigurationPlatforms) = postSolution
		{A150A8E4-143D-4839-8201-67AEC2449786}.Debug|Any CPU.ActiveCfg = Debug|Any CPU
		{A150A8E4-143D-4839-8201-67AEC2449786}.Debug|Any CPU.Build.0 = Debug|Any CPU
		{A150A8E4-143D-4839-8201-67AEC2449786}.Debug|x64.ActiveCfg = Debug|Any CPU
		{A150A8E4-143D-4839-8201-67AEC2449786}.Debug|x64.Build.0 = Debug|Any CPU
		{A150A8E4-143D-4839-8201-67AEC2449786}.Debug|x86.ActiveCfg = Debug|Any CPU
		{A150A8E4-143D-4839-8201-67AEC2449786}.Debug|x86.Build.0 = Debug|Any CPU
		{A150A8E4-143D-4839-8201-67AEC2449786}.Release|Any CPU.ActiveCfg = Release|Any CPU
		{A150A8E4-143D-4839-8201-67AEC2449786}.Release|Any CPU.Build.0 = Release|Any CPU
		{A150A8E4-143D-4839-8201-67AEC2449786}.Release|x64.ActiveCfg = Release|Any CPU
		{A150A8E4-143D-4839-8201-67AEC2449786}.Release|x64.Build.0 = Release|Any CPU
		{A150A8E4-143D-4839-8201-67AEC2449786}.Release|x86.ActiveCfg = Release|Any CPU
		{A150A8E4-143D-4839-8201-67AEC2449786}.Release|x86.Build.0 = Release|Any CPU
		{B6917031-4B4F-4142-8260-9BCBC09660D1}.Debug|Any CPU.ActiveCfg = Debug|Any CPU
		{B6917031-4B4F-4142-8260-9BCBC09660D1}.Debug|Any CPU.Build.0 = Debug|Any CPU
		{B6917031-4B4F-4142-8260-9BCBC09660D1}.Debug|x64.ActiveCfg = Debug|Any CPU
		{B6917031-4B4F-4142-8260-9BCBC09660D1}.Debug|x64.Build.0 = Debug|Any CPU
		{B6917031-4B4F-4142-8260-9BCBC09660D1}.Debug|x86.ActiveCfg = Debug|Any CPU
		{B6917031-4B4F-4142-8260-9BCBC09660D1}.Debug|x86.Build.0 = Debug|Any CPU
		{B6917031-4B4F-4142-8260-9BCBC09660D1}.Release|Any CPU.ActiveCfg = Release|Any CPU
		{B6917031-4B4F-4142-8260-9BCBC09660D1}.Release|Any CPU.Build.0 = Release|Any CPU
		{B6917031-4B4F-4142-8260-9BCBC09660D1}.Release|x64.ActiveCfg = Release|Any CPU
		{B6917031-4B4F-4142-8260-9BCBC09660D1}.Release|x64.Build.0 = Release|Any CPU
		{B6917031-4B4F-4142-8260-9BCBC09660D1}.Release|x86.ActiveCfg = Release|Any CPU
		{B6917031-4B4F-4142-8260-9BCBC09660D1}.Release|x86.Build.0 = Release|Any CPU
		{19AD0801-3B06-4B9E-A699-B15EF0A69DBA}.Debug|Any CPU.ActiveCfg = Debug|Any CPU
		{19AD0801-3B06-4B9E-A699-B15EF0A69DBA}.Debug|Any CPU.Build.0 = Debug|Any CPU
		{19AD0801-3B06-4B9E-A699-B15EF0A69DBA}.Debug|x64.ActiveCfg = Debug|Any CPU
		{19AD0801-3B06-4B9E-A699-B15EF0A69DBA}.Debug|x64.Build.0 = Debug|Any CPU
		{19AD0801-3B06-4B9E-A699-B15EF0A69DBA}.Debug|x86.ActiveCfg = Debug|Any CPU
		{19AD0801-3B06-4B9E-A699-B15EF0A69DBA}.Debug|x86.Build.0 = Debug|Any CPU
		{19AD0801-3B06-4B9E-A699-B15EF0A69DBA}.Release|Any CPU.ActiveCfg = Release|Any CPU
		{19AD0801-3B06-4B9E-A699-B15EF0A69DBA}.Release|Any CPU.Build.0 = Release|Any CPU
		{19AD0801-3B06-4B9E-A699-B15EF0A69DBA}.Release|x64.ActiveCfg = Release|Any CPU
		{19AD0801-3B06-4B9E-A699-B15EF0A69DBA}.Release|x64.Build.0 = Release|Any CPU
		{19AD0801-3B06-4B9E-A699-B15EF0A69DBA}.Release|x86.ActiveCfg = Release|Any CPU
		{19AD0801-3B06-4B9E-A699-B15EF0A69DBA}.Release|x86.Build.0 = Release|Any CPU
	EndGlobalSection
	GlobalSection(SolutionProperties) = preSolution
		HideSolutionNode = FALSE
	EndGlobalSection
EndGlobal
