
Microsoft Visual Studio Solution File, Format Version 12.00
# Visual Studio Version 17
VisualStudioVersion = 17.14.37012.4 d17.14
MinimumVisualStudioVersion = 10.0.40219.1
Project("{FAE04EC0-301F-11D3-BF4B-00C04F79EFBC}") = "Tap_code_3.1", "Tap_code_3.1.csproj", "{391409C5-4989-49E3-B433-7589A59248D0}"
EndProject
Global
	GlobalSection(SolutionConfigurationPlatforms) = preSolution
		Debug|Any CPU = Debug|Any CPU
		Release|Any CPU = Release|Any CPU
	EndGlobalSection
	GlobalSection(ProjectConfigurationPlatforms) = postSolution
		{391409C5-4989-49E3-B433-7589A59248D0}.Debug|Any CPU.ActiveCfg = Debug|Any CPU
		{391409C5-4989-49E3-B433-7589A59248D0}.Debug|Any CPU.Build.0 = Debug|Any CPU
		{391409C5-4989-49E3-B433-7589A59248D0}.Release|Any CPU.ActiveCfg = Release|Any CPU
		{391409C5-4989-49E3-B433-7589A59248D0}.Release|Any CPU.Build.0 = Release|Any CPU
	EndGlobalSection
	GlobalSection(SolutionProperties) = preSolution
		HideSolutionNode = FALSE
	EndGlobalSection
	GlobalSection(ExtensibilityGlobals) = postSolution
		SolutionGuid = {0944BB31-C1D2-4403-8C76-FBD077B62110}
	EndGlobalSection
EndGlobal
